
Microsoft Visual Studio Solution File, Format Version 12.00
# Visual Studio Version 17
VisualStudioVersion = 17.10.35004.147
MinimumVisualStudioVersion = 10.0.40219.1
Project("{FAE04EC0-301F-11D3-BF4B-00C04F79EFBC}") = "Client", "Client\Client.csproj", "{6163CA43-E1CE-45FF-A911-24B5BB054713}"
EndProject
Project("{FAE04EC0-301F-11D3-BF4B-00C04F79EFBC}") = "Server", "Server\Server.csproj", "{FFC0BC34-55EC-47A3-BF33-266B4FBD581B}"
EndProject
Global
	GlobalSection(SolutionConfigurationPlatforms) = preSolution
		Debug|Any CPU = Debug|Any CPU
		Release|Any CPU = Release|Any CPU
	EndGlobalSection
	GlobalSection(ProjectConfigurationPlatforms) = postSolution
		{6163CA43-E1CE-45FF-A911-24B5BB054713}.Debug|Any CPU.ActiveCfg = Debug|Any CPU
		{6163CA43-E1CE-45FF-A911-24B5BB054713}.Debug|Any CPU.Build.0 = Debug|Any CPU
		{6163CA43-E1CE-45FF-A911-24B5BB054713}.Release|Any CPU.ActiveCfg = Release|Any CPU
		{6163CA43-E1CE-45FF-A911-24B5BB054713}.Release|Any CPU.Build.0 = Release|Any CPU
		{FFC0BC34-55EC-47A3-BF33-266B4FBD581B}.Debug|Any CPU.ActiveCfg = Debug|Any CPU
		{FFC0BC34-55EC-47A3-BF33-266B4FBD581B}.Debug|Any CPU.Build.0 = Debug|Any CPU
		{FFC0BC34-55EC-47A3-BF33-266B4FBD581B}.Release|Any CPU.ActiveCfg = Release|Any CPU
		{FFC0BC34-55EC-47A3-BF33-266B4FBD581B}.Release|Any CPU.Build.0 = Release|Any CPU
	EndGlobalSection
	GlobalSection(SolutionProperties) = preSolution
		HideSolutionNode = FALSE
	EndGlobalSection
	GlobalSection(ExtensibilityGlobals) = postSolution
		SolutionGuid = {4E7FFDEB-2D15-4958-AB81-22253FB8F5F9}
	EndGlobalSection
EndGlobal
